
Microsoft Visual Studio Solution File, Format Version 12.00
# Visual Studio 15
VisualStudioVersion = 15.0.28307.168
MinimumVisualStudioVersion = 10.0.40219.1
Project("{8BC9CEB8-8B4A-11D0-8D11-00A0C91BC942}") = "ChessNewGeneration", "ChessNewGeneration.vcxproj", "{B12702AD-ABFB-343A-A199-8E24837244A3}"
EndProject
Project("{8BC9CEB8-8B4A-11D0-8D11-00A0C91BC942}") = "UnitTests", "..\UnitTests\UnitTests.vcxproj", "{2106CD63-2242-4269-8351-AF58D39C41A0}"
EndProject
Global
	GlobalSection(SolutionConfigurationPlatforms) = preSolution
		Debug|x64 = Debug|x64
		Debug|x86 = Debug|x86
		Release|x64 = Release|x64
		Release|x86 = Release|x86
	EndGlobalSection
	GlobalSection(ProjectConfigurationPlatforms) = postSolution
		{B12702AD-ABFB-343A-A199-8E24837244A3}.Debug|x64.ActiveCfg = Debug|x64
		{B12702AD-ABFB-343A-A199-8E24837244A3}.Debug|x64.Build.0 = Debug|x64
		{B12702AD-ABFB-343A-A199-8E24837244A3}.Debug|x86.ActiveCfg = Debug|x64
		{B12702AD-ABFB-343A-A199-8E24837244A3}.Release|x64.ActiveCfg = Release|x64
		{B12702AD-ABFB-343A-A199-8E24837244A3}.Release|x64.Build.0 = Release|x64
		{B12702AD-ABFB-343A-A199-8E24837244A3}.Release|x86.ActiveCfg = Release|x64
		{2106CD63-2242-4269-8351-AF58D39C41A0}.Debug|x64.ActiveCfg = Debug|x64
		{2106CD63-2242-4269-8351-AF58D39C41A0}.Debug|x64.Build.0 = Debug|x64
		{2106CD63-2242-4269-8351-AF58D39C41A0}.Debug|x86.ActiveCfg = Debug|x64
		{2106CD63-2242-4269-8351-AF58D39C41A0}.Release|x64.ActiveCfg = Release|x64
		{2106CD63-2242-4269-8351-AF58D39C41A0}.Release|x64.Build.0 = Release|x64
		{2106CD63-2242-4269-8351-AF58D39C41A0}.Release|x86.ActiveCfg = Release|x64
	EndGlobalSection
	GlobalSection(SolutionProperties) = preSolution
		HideSolutionNode = FALSE
	EndGlobalSection
	GlobalSection(ExtensibilityGlobals) = postSolution
		SolutionGuid = {8956F0B8-B37A-4F18-9F45-C2E1593D8C63}
	EndGlobalSection
EndGlobal
